
Microsoft Visual Studio Solution File, Format Version 12.00
# Visual Studio Version 16
VisualStudioVersion = 16.0.29411.108
MinimumVisualStudioVersion = 10.0.40219.1
Project("{2150E333-8FDC-42A3-9474-1A3956D46DE8}") = "Api", "Api", "{01CD8F0E-651A-46A8-8215-AC77C687ABB2}"
EndProject
Project("{2150E333-8FDC-42A3-9474-1A3956D46DE8}") = "Domain", "Domain", "{35C7BC75-EDAA-491E-AE75-2E4C37CD4B8D}"
EndProject
Project("{2150E333-8FDC-42A3-9474-1A3956D46DE8}") = "Infrastructure", "Infrastructure", "{3EFBBBFA-91C4-4707-9A57-56784063FC0E}"
EndProject
Project("{2150E333-8FDC-42A3-9474-1A3956D46DE8}") = "Application", "Application", "{6171BB4F-68B4-437A-AE05-4CFC5B0BCF55}"
EndProject
Project("{2150E333-8FDC-42A3-9474-1A3956D46DE8}") = "Common", "Common", "{6798DFA2-C780-4AA2-9ECA-7AD885E4CE23}"
EndProject
Project("{9A19103F-16F7-4668-BE54-9A1E7A4F7556}") = "Shopyy.Common", "Shopyy.Common\Shopyy.Common.csproj", "{90193B0A-B27E-4CCF-AF3C-74B553F14279}"
EndProject
Project("{2150E333-8FDC-42A3-9474-1A3956D46DE8}") = "Products", "Products", "{55D0DC11-094C-446F-A57F-57AE37C12C5C}"
EndProject
Project("{2150E333-8FDC-42A3-9474-1A3956D46DE8}") = "Application", "Application", "{FA9D1B64-85F5-4268-ABF4-70495504892D}"
EndProject
Project("{9A19103F-16F7-4668-BE54-9A1E7A4F7556}") = "Shoppy.Application", "Shoppy.Application\Shoppy.Application.csproj", "{D9905B2D-5E5B-466F-9B14-5CF4BC7BAF0B}"
EndProject
Project("{9A19103F-16F7-4668-BE54-9A1E7A4F7556}") = "Shopyy.Products.Api", "Shopyy.Products\Shopyy.Products.Api\Shopyy.Products.Api.csproj", "{766770B6-DA5A-488D-8C59-7C8C2CFF3F0A}"
EndProject
Project("{9A19103F-16F7-4668-BE54-9A1E7A4F7556}") = "Shopyy.Products.Application", "Shopyy.Products\Shopyy.Products.Application\Shopyy.Products.Application.csproj", "{0E7DDD1C-128F-4C0F-ABDD-A775DA4B6A2D}"
EndProject
Project("{9A19103F-16F7-4668-BE54-9A1E7A4F7556}") = "Shopyy.Products.Domain", "Shopyy.Products\Shopyy.Products.Domain\Shopyy.Products.Domain.csproj", "{E9726B6B-9AEC-40A1-B098-0CC7D8585AA0}"
EndProject
Project("{9A19103F-16F7-4668-BE54-9A1E7A4F7556}") = "Shopyy.Products.Infrastructure", "Shopyy.Products\Shopyy.Products.Infrastructure\Shopyy.Products.Infrastructure.csproj", "{4C2924C7-8F1A-42EB-A6FB-B3BFBA366084}"
EndProject
Project("{2150E333-8FDC-42A3-9474-1A3956D46DE8}") = "Domain", "Domain", "{203EAAC4-59EC-45BC-B0FC-BDB5C0737773}"
EndProject
Project("{FAE04EC0-301F-11D3-BF4B-00C04F79EFBC}") = "Shoppy.Domain", "Shoppy.Domain\Shoppy.Domain.csproj", "{F811F5E0-CF03-4C27-A9CC-5DD53F454ABA}"
EndProject
Project("{2150E333-8FDC-42A3-9474-1A3956D46DE8}") = "Infrasturcture", "Infrasturcture", "{F4F0FEB9-C91D-49FB-896A-90CE560C972A}"
EndProject
Project("{FAE04EC0-301F-11D3-BF4B-00C04F79EFBC}") = "Shopyy.Infrastructure", "Shopyy.Infrastructure\Shopyy.Infrastructure.csproj", "{147CD60D-E933-48A1-BEB5-581C7D9CB6F2}"
EndProject
Global
	GlobalSection(SolutionConfigurationPlatforms) = preSolution
		Debug|Any CPU = Debug|Any CPU
		Release|Any CPU = Release|Any CPU
	EndGlobalSection
	GlobalSection(ProjectConfigurationPlatforms) = postSolution
		{90193B0A-B27E-4CCF-AF3C-74B553F14279}.Debug|Any CPU.ActiveCfg = Debug|Any CPU
		{90193B0A-B27E-4CCF-AF3C-74B553F14279}.Debug|Any CPU.Build.0 = Debug|Any CPU
		{90193B0A-B27E-4CCF-AF3C-74B553F14279}.Release|Any CPU.ActiveCfg = Release|Any CPU
		{90193B0A-B27E-4CCF-AF3C-74B553F14279}.Release|Any CPU.Build.0 = Release|Any CPU
		{D9905B2D-5E5B-466F-9B14-5CF4BC7BAF0B}.Debug|Any CPU.ActiveCfg = Debug|Any CPU
		{D9905B2D-5E5B-466F-9B14-5CF4BC7BAF0B}.Debug|Any CPU.Build.0 = Debug|Any CPU
		{D9905B2D-5E5B-466F-9B14-5CF4BC7BAF0B}.Release|Any CPU.ActiveCfg = Release|Any CPU
		{D9905B2D-5E5B-466F-9B14-5CF4BC7BAF0B}.Release|Any CPU.Build.0 = Release|Any CPU
		{766770B6-DA5A-488D-8C59-7C8C2CFF3F0A}.Debug|Any CPU.ActiveCfg = Debug|Any CPU
		{766770B6-DA5A-488D-8C59-7C8C2CFF3F0A}.Debug|Any CPU.Build.0 = Debug|Any CPU
		{766770B6-DA5A-488D-8C59-7C8C2CFF3F0A}.Release|Any CPU.ActiveCfg = Release|Any CPU
		{766770B6-DA5A-488D-8C59-7C8C2CFF3F0A}.Release|Any CPU.Build.0 = Release|Any CPU
		{0E7DDD1C-128F-4C0F-ABDD-A775DA4B6A2D}.Debug|Any CPU.ActiveCfg = Debug|Any CPU
		{0E7DDD1C-128F-4C0F-ABDD-A775DA4B6A2D}.Debug|Any CPU.Build.0 = Debug|Any CPU
		{0E7DDD1C-128F-4C0F-ABDD-A775DA4B6A2D}.Release|Any CPU.ActiveCfg = Release|Any CPU
		{0E7DDD1C-128F-4C0F-ABDD-A775DA4B6A2D}.Release|Any CPU.Build.0 = Release|Any CPU
		{E9726B6B-9AEC-40A1-B098-0CC7D8585AA0}.Debug|Any CPU.ActiveCfg = Debug|Any CPU
		{E9726B6B-9AEC-40A1-B098-0CC7D8585AA0}.Debug|Any CPU.Build.0 = Debug|Any CPU
		{E9726B6B-9AEC-40A1-B098-0CC7D8585AA0}.Release|Any CPU.ActiveCfg = Release|Any CPU
		{E9726B6B-9AEC-40A1-B098-0CC7D8585AA0}.Release|Any CPU.Build.0 = Release|Any CPU
		{4C2924C7-8F1A-42EB-A6FB-B3BFBA366084}.Debug|Any CPU.ActiveCfg = Debug|Any CPU
		{4C2924C7-8F1A-42EB-A6FB-B3BFBA366084}.Debug|Any CPU.Build.0 = Debug|Any CPU
		{4C2924C7-8F1A-42EB-A6FB-B3BFBA366084}.Release|Any CPU.ActiveCfg = Release|Any CPU
		{4C2924C7-8F1A-42EB-A6FB-B3BFBA366084}.Release|Any CPU.Build.0 = Release|Any CPU
		{F811F5E0-CF03-4C27-A9CC-5DD53F454ABA}.Debug|Any CPU.ActiveCfg = Debug|Any CPU
		{F811F5E0-CF03-4C27-A9CC-5DD53F454ABA}.Debug|Any CPU.Build.0 = Debug|Any CPU
		{F811F5E0-CF03-4C27-A9CC-5DD53F454ABA}.Release|Any CPU.ActiveCfg = Release|Any CPU
		{F811F5E0-CF03-4C27-A9CC-5DD53F454ABA}.Release|Any CPU.Build.0 = Release|Any CPU
		{147CD60D-E933-48A1-BEB5-581C7D9CB6F2}.Debug|Any CPU.ActiveCfg = Debug|Any CPU
		{147CD60D-E933-48A1-BEB5-581C7D9CB6F2}.Debug|Any CPU.Build.0 = Debug|Any CPU
		{147CD60D-E933-48A1-BEB5-581C7D9CB6F2}.Release|Any CPU.ActiveCfg = Release|Any CPU
		{147CD60D-E933-48A1-BEB5-581C7D9CB6F2}.Release|Any CPU.Build.0 = Release|Any CPU
	EndGlobalSection
	GlobalSection(SolutionProperties) = preSolution
		HideSolutionNode = FALSE
	EndGlobalSection
	GlobalSection(NestedProjects) = preSolution
		{01CD8F0E-651A-46A8-8215-AC77C687ABB2} = {55D0DC11-094C-446F-A57F-57AE37C12C5C}
		{35C7BC75-EDAA-491E-AE75-2E4C37CD4B8D} = {55D0DC11-094C-446F-A57F-57AE37C12C5C}
		{3EFBBBFA-91C4-4707-9A57-56784063FC0E} = {55D0DC11-094C-446F-A57F-57AE37C12C5C}
		{6171BB4F-68B4-437A-AE05-4CFC5B0BCF55} = {55D0DC11-094C-446F-A57F-57AE37C12C5C}
		{90193B0A-B27E-4CCF-AF3C-74B553F14279} = {6798DFA2-C780-4AA2-9ECA-7AD885E4CE23}
		{D9905B2D-5E5B-466F-9B14-5CF4BC7BAF0B} = {FA9D1B64-85F5-4268-ABF4-70495504892D}
		{766770B6-DA5A-488D-8C59-7C8C2CFF3F0A} = {01CD8F0E-651A-46A8-8215-AC77C687ABB2}
		{0E7DDD1C-128F-4C0F-ABDD-A775DA4B6A2D} = {6171BB4F-68B4-437A-AE05-4CFC5B0BCF55}
		{E9726B6B-9AEC-40A1-B098-0CC7D8585AA0} = {35C7BC75-EDAA-491E-AE75-2E4C37CD4B8D}
		{4C2924C7-8F1A-42EB-A6FB-B3BFBA366084} = {3EFBBBFA-91C4-4707-9A57-56784063FC0E}
		{F811F5E0-CF03-4C27-A9CC-5DD53F454ABA} = {203EAAC4-59EC-45BC-B0FC-BDB5C0737773}
		{147CD60D-E933-48A1-BEB5-581C7D9CB6F2} = {F4F0FEB9-C91D-49FB-896A-90CE560C972A}
	EndGlobalSection
	GlobalSection(ExtensibilityGlobals) = postSolution
		SolutionGuid = {11B9559A-5776-4F72-BAB8-19F8F38257DC}
	EndGlobalSection
EndGlobal
